<?xml version="1.0" encoding="utf-8"?>
<Project ToolsVersion="4.0" xmlns="http://schemas.microsoft.com/developer/msbuild/2003">
  <ItemGroup>
    <Filter Include="소스 파일">
      <UniqueIdentifier>{4FC737F1-C7A5-4376-A066-2A32D752A2FF}</UniqueIdentifier>
      <Extensions>cpp;c;cc;cxx;c++;cppm;ixx;def;odl;idl;hpj;bat;asm;asmx</Extensions>
    </Filter>
    <Filter Include="헤더 파일">
      <UniqueIdentifier>{93995380-89BD-4b04-88EB-625FBE52EBFB}</UniqueIdentifier>
      <Extensions>h;hh;hpp;hxx;h++;hm;inl;inc;ipp;xsd</Extensions>
    </Filter>
    <Filter Include="리소스 파일">
      <UniqueIdentifier>{67DA6AB6-F800-4c08-8B7A-83BB121AAD01}</UniqueIdentifier>
      <Extensions>rc;ico;cur;bmp;dlg;rc2;rct;bin;rgs;gif;jpg;jpeg;jpe;resx;tiff;tif;png;wav;mfcribbon-ms</Extensions>
    </Filter>
    <Filter Include="헤더 파일\ObjectPool">
      <UniqueIdentifier>{da457192-3200-4d36-ba17-0d222cfd7654}</UniqueIdentifier>
    </Filter>
    <Filter Include="헤더 파일\MemoryPool">
      <UniqueIdentifier>{6e4da0d5-cf7c-4263-8d57-efb62bac4e89}</UniqueIdentifier>
    </Filter>
  </ItemGroup>
  <ItemGroup>
    <ClCompile Include="MemoryPool.cpp">
      <Filter>소스 파일</Filter>
    </ClCompile>
  </ItemGroup>
  <ItemGroup>
    <ClInclude Include="MemoryPool.h">
      <Filter>헤더 파일</Filter>
    </ClInclude>
    <ClInclude Include="BaseObjectPool.h">
      <Filter>헤더 파일</Filter>
    </ClInclude>
    <ClInclude Include="MemoryPool.v.1.0.h">
      <Filter>헤더 파일\MemoryPool</Filter>
    </ClInclude>
    <ClInclude Include="ObjectPool.v.3.0.h">
      <Filter>헤더 파일\ObjectPool</Filter>
    </ClInclude>
    <ClInclude Include="ObjectPool.v.1.0.h">
      <Filter>헤더 파일\ObjectPool</Filter>
    </ClInclude>
    <ClInclude Include="ObjectPool.v.1.1.h">
      <Filter>헤더 파일\ObjectPool</Filter>
    </ClInclude>
    <ClInclude Include="ObjectPool.v.2.0.h">
      <Filter>헤더 파일\ObjectPool</Filter>
    </ClInclude>
    <ClInclude Include="ObjectPool.v.2.1.h">
      <Filter>헤더 파일\ObjectPool</Filter>
    </ClInclude>
    <ClInclude Include="ObjectPool.v.3.1.h">
      <Filter>헤더 파일\ObjectPool</Filter>
    </ClInclude>
  </ItemGroup>
</Project>